
Microsoft Visual Studio Solution File, Format Version 12.00
# Visual Studio Version 16
VisualStudioVersion = 16.0.30114.105
MinimumVisualStudioVersion = 10.0.40219.1
Project("{FAE04EC0-301F-11D3-BF4B-00C04F79EFBC}") = "CommandAPI", "src\CommandAPI\CommandAPI.csproj", "{2CD0A0DF-517A-48A3-AB74-FDB429445BCA}"
EndProject
Project("{FAE04EC0-301F-11D3-BF4B-00C04F79EFBC}") = "CommandAPI.Tests", "test\CommandAPI.Tests\CommandAPI.Tests.csproj", "{0B53DD60-878F-4388-B837-93D2315B04CD}"
EndProject
Global
	GlobalSection(SolutionConfigurationPlatforms) = preSolution
		Debug|Any CPU = Debug|Any CPU
		Debug|x64 = Debug|x64
		Debug|x86 = Debug|x86
		Release|Any CPU = Release|Any CPU
		Release|x64 = Release|x64
		Release|x86 = Release|x86
	EndGlobalSection
	GlobalSection(SolutionProperties) = preSolution
		HideSolutionNode = FALSE
	EndGlobalSection
	GlobalSection(ProjectConfigurationPlatforms) = postSolution
		{2CD0A0DF-517A-48A3-AB74-FDB429445BCA}.Debug|Any CPU.ActiveCfg = Debug|Any CPU
		{2CD0A0DF-517A-48A3-AB74-FDB429445BCA}.Debug|Any CPU.Build.0 = Debug|Any CPU
		{2CD0A0DF-517A-48A3-AB74-FDB429445BCA}.Debug|x64.ActiveCfg = Debug|Any CPU
		{2CD0A0DF-517A-48A3-AB74-FDB429445BCA}.Debug|x64.Build.0 = Debug|Any CPU
		{2CD0A0DF-517A-48A3-AB74-FDB429445BCA}.Debug|x86.ActiveCfg = Debug|Any CPU
		{2CD0A0DF-517A-48A3-AB74-FDB429445BCA}.Debug|x86.Build.0 = Debug|Any CPU
		{2CD0A0DF-517A-48A3-AB74-FDB429445BCA}.Release|Any CPU.ActiveCfg = Release|Any CPU
		{2CD0A0DF-517A-48A3-AB74-FDB429445BCA}.Release|Any CPU.Build.0 = Release|Any CPU
		{2CD0A0DF-517A-48A3-AB74-FDB429445BCA}.Release|x64.ActiveCfg = Release|Any CPU
		{2CD0A0DF-517A-48A3-AB74-FDB429445BCA}.Release|x64.Build.0 = Release|Any CPU
		{2CD0A0DF-517A-48A3-AB74-FDB429445BCA}.Release|x86.ActiveCfg = Release|Any CPU
		{2CD0A0DF-517A-48A3-AB74-FDB429445BCA}.Release|x86.Build.0 = Release|Any CPU
		{0B53DD60-878F-4388-B837-93D2315B04CD}.Debug|Any CPU.ActiveCfg = Debug|Any CPU
		{0B53DD60-878F-4388-B837-93D2315B04CD}.Debug|Any CPU.Build.0 = Debug|Any CPU
		{0B53DD60-878F-4388-B837-93D2315B04CD}.Debug|x64.ActiveCfg = Debug|Any CPU
		{0B53DD60-878F-4388-B837-93D2315B04CD}.Debug|x64.Build.0 = Debug|Any CPU
		{0B53DD60-878F-4388-B837-93D2315B04CD}.Debug|x86.ActiveCfg = Debug|Any CPU
		{0B53DD60-878F-4388-B837-93D2315B04CD}.Debug|x86.Build.0 = Debug|Any CPU
		{0B53DD60-878F-4388-B837-93D2315B04CD}.Release|Any CPU.ActiveCfg = Release|Any CPU
		{0B53DD60-878F-4388-B837-93D2315B04CD}.Release|Any CPU.Build.0 = Release|Any CPU
		{0B53DD60-878F-4388-B837-93D2315B04CD}.Release|x64.ActiveCfg = Release|Any CPU
		{0B53DD60-878F-4388-B837-93D2315B04CD}.Release|x64.Build.0 = Release|Any CPU
		{0B53DD60-878F-4388-B837-93D2315B04CD}.Release|x86.ActiveCfg = Release|Any CPU
		{0B53DD60-878F-4388-B837-93D2315B04CD}.Release|x86.Build.0 = Release|Any CPU
	EndGlobalSection
EndGlobal
